{
  "nodes": {
    "aquamarine": {
      "inputs": {
        "hyprutils": [
          "hyprland",
          "hyprutils"
        ],
        "hyprwayland-scanner": [
          "hyprland",
          "hyprwayland-scanner"
        ],
        "nixpkgs": [
          "hyprland",
          "nixpkgs"
        ],
        "systems": [
          "hyprland",
          "systems"
        ]
      },
      "locked": {
        "lastModified": 1778620495,
        "narHash": "sha256-Gu7UhWjwKCgSiVC3Qz/Rc7cYi9DNuDTBxYzg3kfLvfM=",
        "owner": "hyprwm",
        "repo": "aquamarine",
        "rev": "be35f75ac305f430f5f9d89b5f5a4af59ca7567e",
        "type": "github"
      },
      "original": {
        "owner": "hyprwm",
        "repo": "aquamarine",
        "type": "github"
      }
    },
    "base16": {
      "inputs": {
        "fromYaml": "fromYaml"
      },
      "locked": {
        "lastModified": 1755819240,
        "narHash": "sha256-qcMhnL7aGAuFuutH4rq9fvAhCpJWVHLcHVZLtPctPlo=",
        "owner": "SenchoPens",
        "repo": "base16.nix",
        "rev": "75ed5e5e3fce37df22e49125181fa37899c3ccd6",
        "type": "github"
      },
      "original": {
        "owner": "SenchoPens",
        "repo": "base16.nix",
        "type": "github"
      }
    },
    "base16-fish": {
      "flake": false,
      "locked": {
        "lastModified": 1765809053,
        "narHash": "sha256-XCUQLoLfBJ8saWms2HCIj4NEN+xNsWBlU1NrEPcQG4s=",
        "owner": "tomyun",
        "repo": "base16-fish",
        "rev": "86cbea4dca62e08fb7fd83a70e96472f92574782",
        "type": "github"
      },
      "original": {
        "owner": "tomyun",
        "repo": "base16-fish",
        "rev": "86cbea4dca62e08fb7fd83a70e96472f92574782",
        "type": "github"
      }
    },
    "base16-helix": {
      "flake": false,
      "locked": {
        "lastModified": 1776754714,
        "narHash": "sha256-E3OAK27smtATTmX45uoTSRsVD+Y+ZiVVfgM/tjpbtYg=",
        "owner": "tinted-theming",
        "repo": "base16-helix",
        "rev": "4d508123037e7851ad36ebf7d9c48b0e9e1eb581",
        "type": "github"
      },
      "original": {
        "owner": "tinted-theming",
        "repo": "base16-helix",
        "type": "github"
      }
    },
    "base16-vim": {
      "flake": false,
      "locked": {
        "lastModified": 1732806396,
        "narHash": "sha256-e0bpPySdJf0F68Ndanwm+KWHgQiZ0s7liLhvJSWDNsA=",
        "owner": "tinted-theming",
        "repo": "base16-vim",
        "rev": "577fe8125d74ff456cf942c733a85d769afe58b7",
        "type": "github"
      },
      "original": {
        "owner": "tinted-theming",
        "repo": "base16-vim",
        "rev": "577fe8125d74ff456cf942c733a85d769afe58b7",
        "type": "github"
      }
    },
    "cl-nix-lite": {
      "inputs": {
        "flake-parts": "flake-parts",
        "nixpkgs": "nixpkgs_2",
        "systems": "systems_2",
        "treefmt-nix": "treefmt-nix"
      },
      "locked": {
        "lastModified": 1766810506,
        "narHash": "sha256-I4BxozsEu205tA7jazufztI8ZQ5p7hcCnjqrSKPz9nI=",
        "owner": "hraban",
        "repo": "cl-nix-lite",
        "rev": "038e341cede255a83a8f04af114dc95717461d32",
        "type": "github"
      },
      "original": {
        "owner": "hraban",
        "repo": "cl-nix-lite",
        "type": "github"
      }
    },
    "darwin": {
      "inputs": {
        "nixpkgs": [
          "nixpkgs-darwin"
        ]
      },
      "locked": {
        "lastModified": 1777780666,
        "narHash": "sha256-8wURyQMdDkGUarSTKOGdCuFfYiwa3HbzwscUfn3STDE=",
        "owner": "lnl7",
        "repo": "nix-darwin",
        "rev": "8c62fba0854ba15c8917aed18894dbccb48a3777",
        "type": "github"
      },
      "original": {
        "owner": "lnl7",
        "repo": "nix-darwin",
        "type": "github"
      }
    },
    "disko": {
      "inputs": {
        "nixpkgs": [
          "nixpkgs"
        ]
      },
      "locked": {
        "lastModified": 1777713215,
        "narHash": "sha256-8GzXDOXckDWwST8TY5DbwYFjdvQLlP7K9CLSVx6iTTo=",
        "owner": "nix-community",
        "repo": "disko",
        "rev": "63b4e7e6cf75307c1d26ac3762b886b5b0247267",
        "type": "github"
      },
      "original": {
        "owner": "nix-community",
        "repo": "disko",
        "type": "github"
      }
    },
    "firefox-gnome-theme": {
      "flake": false,
      "locked": {
        "lastModified": 1776136500,
        "narHash": "sha256-r0gN2brVWA351zwMV0Flmlcd6SGMvYqFbvC3DfKFM8Y=",
        "owner": "rafaelmardojai",
        "repo": "firefox-gnome-theme",
        "rev": "0f8ba203d475587f477e7ae12661bd8459e225b7",
        "type": "github"
      },
      "original": {
        "owner": "rafaelmardojai",
        "repo": "firefox-gnome-theme",
        "type": "github"
      }
    },
    "flake-compat": {
      "flake": false,
      "locked": {
        "lastModified": 1767039857,
        "narHash": "sha256-vNpUSpF5Nuw8xvDLj2KCwwksIbjua2LZCqhV1LNRDns=",
        "owner": "NixOS",
        "repo": "flake-compat",
        "rev": "5edf11c44bc78a0d334f6334cdaf7d60d732daab",
        "type": "github"
      },
      "original": {
        "owner": "NixOS",
        "repo": "flake-compat",
        "type": "github"
      }
    },
    "flake-compat_2": {
      "flake": false,
      "locked": {
        "lastModified": 1730663653,
        "narHash": "sha256-kFCUWettiFHDIqxCWWQ9qY8pVh+Lj+XL0Giyy/kdomg=",
        "owner": "hraban",
        "repo": "flake-compat",
        "rev": "e5b16676185cb7548581c852f51ce7f3a49bba5e",
        "type": "github"
      },
      "original": {
        "owner": "hraban",
        "ref": "fixed-output",
        "repo": "flake-compat",
        "type": "github"
      }
    },
    "flake-parts": {
      "inputs": {
        "nixpkgs-lib": "nixpkgs-lib"
      },
      "locked": {
        "lastModified": 1765835352,
        "narHash": "sha256-XswHlK/Qtjasvhd1nOa1e8MgZ8GS//jBoTqWtrS1Giw=",
        "owner": "hercules-ci",
        "repo": "flake-parts",
        "rev": "a34fae9c08a15ad73f295041fec82323541400a9",
        "type": "github"
      },
      "original": {
        "owner": "hercules-ci",
        "repo": "flake-parts",
        "type": "github"
      }
    },
    "flake-parts_2": {
      "inputs": {
        "nixpkgs-lib": [
          "stylix",
          "nixpkgs"
        ]
      },
      "locked": {
        "lastModified": 1775087534,
        "narHash": "sha256-91qqW8lhL7TLwgQWijoGBbiD4t7/q75KTi8NxjVmSmA=",
        "owner": "hercules-ci",
        "repo": "flake-parts",
        "rev": "3107b77cd68437b9a76194f0f7f9c55f2329ca5b",
        "type": "github"
      },
      "original": {
        "owner": "hercules-ci",
        "repo": "flake-parts",
        "type": "github"
      }
    },
    "flake-utils": {
      "inputs": {
        "systems": [
          "mac-app-util",
          "systems"
        ]
      },
      "locked": {
        "lastModified": 1731533236,
        "narHash": "sha256-l0KFg5HjrsfsO/JpG+r7fRrqm12kzFHyUHqHCVpMMbI=",
        "owner": "numtide",
        "repo": "flake-utils",
        "rev": "11707dc2f618dd54ca8739b309ec4fc024de578b",
        "type": "github"
      },
      "original": {
        "id": "flake-utils",
        "type": "indirect"
      }
    },
    "fromYaml": {
      "flake": false,
      "locked": {
        "lastModified": 1731966426,
        "narHash": "sha256-lq95WydhbUTWig/JpqiB7oViTcHFP8Lv41IGtayokA8=",
        "owner": "SenchoPens",
        "repo": "fromYaml",
        "rev": "106af9e2f715e2d828df706c386a685698f3223b",
        "type": "github"
      },
      "original": {
        "owner": "SenchoPens",
        "repo": "fromYaml",
        "type": "github"
      }
    },
    "gitignore": {
      "inputs": {
        "nixpkgs": [
          "hyprland",
          "pre-commit-hooks",
          "nixpkgs"
        ]
      },
      "locked": {
        "lastModified": 1709087332,
        "narHash": "sha256-HG2cCnktfHsKV0s4XW83gU3F57gaTljL9KNSuG6bnQs=",
        "owner": "hercules-ci",
        "repo": "gitignore.nix",
        "rev": "637db329424fd7e46cf4185293b9cc8c88c95394",
        "type": "github"
      },
      "original": {
        "owner": "hercules-ci",
        "repo": "gitignore.nix",
        "type": "github"
      }
    },
    "gnome-shell": {
      "flake": false,
      "locked": {
        "lastModified": 1767737596,
        "narHash": "sha256-eFujfIUQDgWnSJBablOuG+32hCai192yRdrNHTv0a+s=",
        "owner": "GNOME",
        "repo": "gnome-shell",
        "rev": "ef02db02bf0ff342734d525b5767814770d85b49",
        "type": "github"
      },
      "original": {
        "owner": "GNOME",
        "repo": "gnome-shell",
        "rev": "ef02db02bf0ff342734d525b5767814770d85b49",
        "type": "github"
      }
    },
    "home-manager": {
      "inputs": {
        "nixpkgs": [
          "nixpkgs"
        ]
      },
      "locked": {
        "lastModified": 1778858474,
        "narHash": "sha256-uOh5fCoxOgdFa50WymuhCwJKuEVv/Eo4VYjK0SgzlPs=",
        "owner": "nix-community",
        "repo": "home-manager",
        "rev": "ca77575d39c908de876c10f93704532689df546f",
        "type": "github"
      },
      "original": {
        "owner": "nix-community",
        "repo": "home-manager",
        "type": "github"
      }
    },
    "home-manager-darwin": {
      "inputs": {
        "nixpkgs": [
          "nixpkgs-darwin"
        ]
      },
      "locked": {
        "lastModified": 1778858474,
        "narHash": "sha256-uOh5fCoxOgdFa50WymuhCwJKuEVv/Eo4VYjK0SgzlPs=",
        "owner": "nix-community",
        "repo": "home-manager",
        "rev": "ca77575d39c908de876c10f93704532689df546f",
        "type": "github"
      },
      "original": {
        "owner": "nix-community",
        "repo": "home-manager",
        "type": "github"
      }
    },
    "hyprcursor": {
      "inputs": {
        "hyprlang": [
          "hyprland",
          "hyprlang"
        ],
        "nixpkgs": [
          "hyprland",
          "nixpkgs"
        ],
        "systems": [
          "hyprland",
          "systems"
        ]
      },
      "locked": {
        "lastModified": 1776511930,
        "narHash": "sha256-fCpwFiTW0rT7oKJqr3cqHMnkwypSwQKpbtUEtxdkgrM=",
        "owner": "hyprwm",
        "repo": "hyprcursor",
        "rev": "39435900785d0c560c6ae8777d29f28617d031ef",
        "type": "github"
      },
      "original": {
        "owner": "hyprwm",
        "repo": "hyprcursor",
        "type": "github"
      }
    },
    "hyprgraphics": {
      "inputs": {
        "hyprutils": [
          "hyprland",
          "hyprutils"
        ],
        "nixpkgs": [
          "hyprland",
          "nixpkgs"
        ],
        "systems": [
          "hyprland",
          "systems"
        ]
      },
      "locked": {
        "lastModified": 1776426399,
        "narHash": "sha256-RUESLKNikIeEq9ymGJ6nmcDXiSFQpUW1IhJ245nL3xM=",
        "owner": "hyprwm",
        "repo": "hyprgraphics",
        "rev": "68d064434787cf1ed4a2fe257c03c5f52f33cf84",
        "type": "github"
      },
      "original": {
        "owner": "hyprwm",
        "repo": "hyprgraphics",
        "type": "github"
      }
    },
    "hyprland": {
      "inputs": {
        "aquamarine": "aquamarine",
        "hyprcursor": "hyprcursor",
        "hyprgraphics": "hyprgraphics",
        "hyprland-guiutils": "hyprland-guiutils",
        "hyprland-protocols": "hyprland-protocols",
        "hyprlang": "hyprlang",
        "hyprutils": "hyprutils",
        "hyprwayland-scanner": "hyprwayland-scanner",
        "hyprwire": "hyprwire",
        "nixpkgs": "nixpkgs",
        "pre-commit-hooks": "pre-commit-hooks",
        "systems": "systems",
        "xdph": "xdph"
      },
      "locked": {
        "lastModified": 1778857722,
        "narHash": "sha256-6tI3BcQd6kTPg5jOYjIG+kelbDMHJyfPUcuRmtK+o1w=",
        "owner": "hyprwm",
        "repo": "Hyprland",
        "rev": "96de3464c472fce451f8af3f4022983157e5453c",
        "type": "github"
      },
      "original": {
        "owner": "hyprwm",
        "repo": "Hyprland",
        "type": "github"
      }
    },
    "hyprland-guiutils": {
      "inputs": {
        "aquamarine": [
          "hyprland",
          "aquamarine"
        ],
        "hyprgraphics": [
          "hyprland",
          "hyprgraphics"
        ],
        "hyprlang": [
          "hyprland",
          "hyprlang"
        ],
        "hyprtoolkit": "hyprtoolkit",
        "hyprutils": [
          "hyprland",
          "hyprutils"
        ],
        "hyprwayland-scanner": [
          "hyprland",
          "hyprwayland-scanner"
        ],
        "nixpkgs": [
          "hyprland",
          "nixpkgs"
        ],
        "systems": [
          "hyprland",
          "systems"
        ]
      },
      "locked": {
        "lastModified": 1776426575,
        "narHash": "sha256-KI6nIfVihn/DPaeB5Et46Xg3dkNHrrEtUd5LBBVomB0=",
        "owner": "hyprwm",
        "repo": "hyprland-guiutils",
        "rev": "a968d211048e3ed538e47b84cb3649299578f19d",
        "type": "github"
      },
      "original": {
        "owner": "hyprwm",
        "repo": "hyprland-guiutils",
        "type": "github"
      }
    },
    "hyprland-protocols": {
      "inputs": {
        "nixpkgs": [
          "hyprland",
          "nixpkgs"
        ],
        "systems": [
          "hyprland",
          "systems"
        ]
      },
      "locked": {
        "lastModified": 1772460177,
        "narHash": "sha256-/6G/MsPvtn7bc4Y32pserBT/Z4SUUdBd4XYJpOEKVR4=",
        "owner": "hyprwm",
        "repo": "hyprland-protocols",
        "rev": "1cb6db5fd6bb8aee419f4457402fa18293ace917",
        "type": "github"
      },
      "original": {
        "owner": "hyprwm",
        "repo": "hyprland-protocols",
        "type": "github"
      }
    },
    "hyprlang": {
      "inputs": {
        "hyprutils": [
          "hyprland",
          "hyprutils"
        ],
        "nixpkgs": [
          "hyprland",
          "nixpkgs"
        ],
        "systems": [
          "hyprland",
          "systems"
        ]
      },
      "locked": {
        "lastModified": 1777320127,
        "narHash": "sha256-Qu+Wf2Bp5qUjyn2YpZNq8a7JyzTGowhT1knrwE38a9U=",
        "owner": "hyprwm",
        "repo": "hyprlang",
        "rev": "090117506ddc3d7f26e650ff344d378c2ec329cc",
        "type": "github"
      },
      "original": {
        "owner": "hyprwm",
        "repo": "hyprlang",
        "type": "github"
      }
    },
    "hyprtoolkit": {
      "inputs": {
        "aquamarine": [
          "hyprland",
          "hyprland-guiutils",
          "aquamarine"
        ],
        "hyprgraphics": [
          "hyprland",
          "hyprland-guiutils",
          "hyprgraphics"
        ],
        "hyprlang": [
          "hyprland",
          "hyprland-guiutils",
          "hyprlang"
        ],
        "hyprutils": [
          "hyprland",
          "hyprland-guiutils",
          "hyprutils"
        ],
        "hyprwayland-scanner": [
          "hyprland",
          "hyprland-guiutils",
          "hyprwayland-scanner"
        ],
        "nixpkgs": [
          "hyprland",
          "hyprland-guiutils",
          "nixpkgs"
        ],
        "systems": [
          "hyprland",
          "hyprland-guiutils",
          "systems"
        ]
      },
      "locked": {
        "lastModified": 1772462885,
        "narHash": "sha256-5pHXrQK9zasMnIo6yME6EOXmWGFMSnCITcfKshhKJ9I=",
        "owner": "hyprwm",
        "repo": "hyprtoolkit",
        "rev": "9af245a69fa6b286b88ddfc340afd288e00a6998",
        "type": "github"
      },
      "original": {
        "owner": "hyprwm",
        "repo": "hyprtoolkit",
        "type": "github"
      }
    },
    "hyprutils": {
      "inputs": {
        "nixpkgs": [
          "hyprland",
          "nixpkgs"
        ],
        "systems": [
          "hyprland",
          "systems"
        ]
      },
      "locked": {
        "lastModified": 1778234770,
        "narHash": "sha256-jAcsogZwWMfXT9MfXxZzkwliAqIuZUV0p71h6Ba9ReE=",
        "owner": "hyprwm",
        "repo": "hyprutils",
        "rev": "a2dbd8a4cc51f7cbe4224732668392bb1aa79df2",
        "type": "github"
      },
      "original": {
        "owner": "hyprwm",
        "repo": "hyprutils",
        "type": "github"
      }
    },
    "hyprwayland-scanner": {
      "inputs": {
        "nixpkgs": [
          "hyprland",
          "nixpkgs"
        ],
        "systems": [
          "hyprland",
          "systems"
        ]
      },
      "locked": {
        "lastModified": 1777159683,
        "narHash": "sha256-Jxixw6wZphUp+nHYxOKUYSckL17QMBx2d5Zp0rJHr1g=",
        "owner": "hyprwm",
        "repo": "hyprwayland-scanner",
        "rev": "b8632713a6beaf28b56f2a7b0ab2fb7088dbb404",
        "type": "github"
      },
      "original": {
        "owner": "hyprwm",
        "repo": "hyprwayland-scanner",
        "type": "github"
      }
    },
    "hyprwire": {
      "inputs": {
        "hyprutils": [
          "hyprland",
          "hyprutils"
        ],
        "nixpkgs": [
          "hyprland",
          "nixpkgs"
        ],
        "systems": [
          "hyprland",
          "systems"
        ]
      },
      "locked": {
        "lastModified": 1778410714,
        "narHash": "sha256-o6RzFj4nJXaPRY7EM01siuCQeT41RfwwmcmFQqwFJJg=",
        "owner": "hyprwm",
        "repo": "hyprwire",
        "rev": "85148a8e612808cf5ddb25d0b3c5840f3498a7dc",
        "type": "github"
      },
      "original": {
        "owner": "hyprwm",
        "repo": "hyprwire",
        "type": "github"
      }
    },
    "mac-app-util": {
      "inputs": {
        "cl-nix-lite": "cl-nix-lite",
        "flake-compat": "flake-compat_2",
        "flake-utils": "flake-utils",
        "nixpkgs": "nixpkgs_4",
        "systems": "systems_3",
        "treefmt-nix": "treefmt-nix_2"
      },
      "locked": {
        "lastModified": 1766810876,
        "narHash": "sha256-VPElWFQIiP31lXQXEom+L4sl85alZpZn33O4hewsP9k=",
        "owner": "hraban",
        "repo": "mac-app-util",
        "rev": "4747968574ea58512c5385466400b2364c85d2d0",
        "type": "github"
      },
      "original": {
        "owner": "hraban",
        "repo": "mac-app-util",
        "type": "github"
      }
    },
    "nix-index-database": {
      "inputs": {
        "nixpkgs": [
          "nixpkgs"
        ]
      },
      "locked": {
        "lastModified": 1778393439,
        "narHash": "sha256-mOtQxUjtKaPHLeoLOY/YEDctmud1X9KwJr4kE1MJ3Wc=",
        "owner": "Mic92",
        "repo": "nix-index-database",
        "rev": "01466c414c7357ae2ce32be4a272a7c69e94ab5f",
        "type": "github"
      },
      "original": {
        "owner": "Mic92",
        "repo": "nix-index-database",
        "type": "github"
      }
    },
    "nixpkgs": {
      "locked": {
        "lastModified": 1778443072,
        "narHash": "sha256-zi7/fsqM/kFdNuED//4WOCUtezGtKKqRNORjMvfwjnA=",
        "owner": "NixOS",
        "repo": "nixpkgs",
        "rev": "da5ad661ba4e5ef59ba743f0d112cbc30e474f32",
        "type": "github"
      },
      "original": {
        "owner": "NixOS",
        "ref": "nixos-unstable",
        "repo": "nixpkgs",
        "type": "github"
      }
    },
    "nixpkgs-darwin": {
      "locked": {
        "lastModified": 1778794387,
        "narHash": "sha256-BL04pOS9453Awkeb9f90XBJXBSkWxN+vB7HIgnL0iMM=",
        "owner": "nixos",
        "repo": "nixpkgs",
        "rev": "8a1b0127302ea51e05bf4ea5a291743fac442406",
        "type": "github"
      },
      "original": {
        "owner": "nixos",
        "ref": "nixpkgs-unstable",
        "repo": "nixpkgs",
        "type": "github"
      }
    },
    "nixpkgs-lib": {
      "locked": {
        "lastModified": 1765674936,
        "narHash": "sha256-k00uTP4JNfmejrCLJOwdObYC9jHRrr/5M/a/8L2EIdo=",
        "owner": "nix-community",
        "repo": "nixpkgs.lib",
        "rev": "2075416fcb47225d9b68ac469a5c4801a9c4dd85",
        "type": "github"
      },
      "original": {
        "owner": "nix-community",
        "repo": "nixpkgs.lib",
        "type": "github"
      }
    },
    "nixpkgs_2": {
      "locked": {
        "lastModified": 1766736597,
        "narHash": "sha256-BASnpCLodmgiVn0M1MU2Pqyoz0aHwar/0qLkp7CjvSQ=",
        "owner": "nixos",
        "repo": "nixpkgs",
        "rev": "f560ccec6b1116b22e6ed15f4c510997d99d5852",
        "type": "github"
      },
      "original": {
        "owner": "nixos",
        "ref": "nixos-25.11",
        "repo": "nixpkgs",
        "type": "github"
      }
    },
    "nixpkgs_3": {
      "locked": {
        "lastModified": 1761236834,
        "narHash": "sha256-+pthv6hrL5VLW2UqPdISGuLiUZ6SnAXdd2DdUE+fV2Q=",
        "owner": "nixos",
        "repo": "nixpkgs",
        "rev": "d5faa84122bc0a1fd5d378492efce4e289f8eac1",
        "type": "github"
      },
      "original": {
        "owner": "nixos",
        "ref": "nixpkgs-unstable",
        "repo": "nixpkgs",
        "type": "github"
      }
    },
    "nixpkgs_4": {
      "locked": {
        "lastModified": 1732617236,
        "narHash": "sha256-PYkz6U0bSEaEB1al7O1XsqVNeSNS+s3NVclJw7YC43w=",
        "owner": "NixOS",
        "repo": "nixpkgs",
        "rev": "af51545ec9a44eadf3fe3547610a5cdd882bc34e",
        "type": "github"
      },
      "original": {
        "owner": "NixOS",
        "repo": "nixpkgs",
        "rev": "af51545ec9a44eadf3fe3547610a5cdd882bc34e",
        "type": "github"
      }
    },
    "nixpkgs_5": {
      "locked": {
        "lastModified": 1761236834,
        "narHash": "sha256-+pthv6hrL5VLW2UqPdISGuLiUZ6SnAXdd2DdUE+fV2Q=",
        "owner": "nixos",
        "repo": "nixpkgs",
        "rev": "d5faa84122bc0a1fd5d378492efce4e289f8eac1",
        "type": "github"
      },
      "original": {
        "owner": "nixos",
        "ref": "nixpkgs-unstable",
        "repo": "nixpkgs",
        "type": "github"
      }
    },
    "nixpkgs_6": {
      "locked": {
        "lastModified": 1778443072,
        "narHash": "sha256-zi7/fsqM/kFdNuED//4WOCUtezGtKKqRNORjMvfwjnA=",
        "owner": "nixos",
        "repo": "nixpkgs",
        "rev": "da5ad661ba4e5ef59ba743f0d112cbc30e474f32",
        "type": "github"
      },
      "original": {
        "owner": "nixos",
        "ref": "nixos-unstable",
        "repo": "nixpkgs",
        "type": "github"
      }
    },
    "nixpkgs_7": {
      "locked": {
        "lastModified": 1775888245,
        "narHash": "sha256-nwASzrRDD1JBEu/o8ekKYEXm/oJW6EMCzCRdrwcLe90=",
        "owner": "NixOS",
        "repo": "nixpkgs",
        "rev": "13043924aaa7375ce482ebe2494338e058282925",
        "type": "github"
      },
      "original": {
        "owner": "NixOS",
        "ref": "nixpkgs-unstable",
        "repo": "nixpkgs",
        "type": "github"
      }
    },
    "nur": {
      "inputs": {
        "flake-parts": [
          "stylix",
          "flake-parts"
        ],
        "nixpkgs": [
          "stylix",
          "nixpkgs"
        ]
      },
      "locked": {
        "lastModified": 1777598946,
        "narHash": "sha256-X239dAGaU1+gfDj8jKH8GzlqKMcxaVfXOio+uzBOkeE=",
        "owner": "nix-community",
        "repo": "NUR",
        "rev": "5d55af01c0f86be583931fe99207fc56c14134b3",
        "type": "github"
      },
      "original": {
        "owner": "nix-community",
        "repo": "NUR",
        "type": "github"
      }
    },
    "pre-commit-hooks": {
      "inputs": {
        "flake-compat": "flake-compat",
        "gitignore": "gitignore",
        "nixpkgs": [
          "hyprland",
          "nixpkgs"
        ]
      },
      "locked": {
        "lastModified": 1778507602,
        "narHash": "sha256-kTwur1wV+01SdqskVMSo6JMEpg71ps3HpbFY2GsflKs=",
        "owner": "cachix",
        "repo": "git-hooks.nix",
        "rev": "61ab0e80d9c7ab14c256b5b453d8b3fb0189ba0a",
        "type": "github"
      },
      "original": {
        "owner": "cachix",
        "repo": "git-hooks.nix",
        "type": "github"
      }
    },
    "root": {
      "inputs": {
        "darwin": "darwin",
        "disko": "disko",
        "home-manager": "home-manager",
        "home-manager-darwin": "home-manager-darwin",
        "hyprland": "hyprland",
        "mac-app-util": "mac-app-util",
        "nix-index-database": "nix-index-database",
        "nixpkgs": "nixpkgs_6",
        "nixpkgs-darwin": "nixpkgs-darwin",
        "sops-nix": "sops-nix",
        "stylix": "stylix"
      }
    },
    "sops-nix": {
      "inputs": {
        "nixpkgs": "nixpkgs_7"
      },
      "locked": {
        "lastModified": 1777944972,
        "narHash": "sha256-VfGRo1qTBKOe3s2gOv8LSoA6Fk19PvBlwQ1ECN0Evn8=",
        "owner": "Mic92",
        "repo": "sops-nix",
        "rev": "c591bf665727040c6cc5cb409079acb22dcce33c",
        "type": "github"
      },
      "original": {
        "owner": "Mic92",
        "repo": "sops-nix",
        "type": "github"
      }
    },
    "stylix": {
      "inputs": {
        "base16": "base16",
        "base16-fish": "base16-fish",
        "base16-helix": "base16-helix",
        "base16-vim": "base16-vim",
        "firefox-gnome-theme": "firefox-gnome-theme",
        "flake-parts": "flake-parts_2",
        "gnome-shell": "gnome-shell",
        "nixpkgs": [
          "nixpkgs"
        ],
        "nur": "nur",
        "systems": "systems_4",
        "tinted-kitty": "tinted-kitty",
        "tinted-schemes": "tinted-schemes",
        "tinted-tmux": "tinted-tmux",
        "tinted-zed": "tinted-zed"
      },
      "locked": {
        "lastModified": 1778776709,
        "narHash": "sha256-YhnEcpiY6+l3RFA+cPmdTaeODGvNRuqE8B7VBjPVIxo=",
        "owner": "nix-community",
        "repo": "stylix",
        "rev": "e8ea85b4f7dddda9603e0f1ac86cd92cee3b2819",
        "type": "github"
      },
      "original": {
        "owner": "nix-community",
        "repo": "stylix",
        "type": "github"
      }
    },
    "systems": {
      "locked": {
        "lastModified": 1689347949,
        "narHash": "sha256-12tWmuL2zgBgZkdoB6qXZsgJEH9LR3oUgpaQq2RbI80=",
        "owner": "nix-systems",
        "repo": "default-linux",
        "rev": "31732fcf5e8fea42e59c2488ad31a0e651500f68",
        "type": "github"
      },
      "original": {
        "owner": "nix-systems",
        "repo": "default-linux",
        "type": "github"
      }
    },
    "systems_2": {
      "locked": {
        "lastModified": 1681028828,
        "narHash": "sha256-Vy1rq5AaRuLzOxct8nz4T6wlgyUR7zLU309k9mBC768=",
        "owner": "nix-systems",
        "repo": "default",
        "rev": "da67096a3b9bf56a91d16901293e51ba5b49a27e",
        "type": "github"
      },
      "original": {
        "owner": "nix-systems",
        "repo": "default",
        "type": "github"
      }
    },
    "systems_3": {
      "locked": {
        "lastModified": 1689347925,
        "narHash": "sha256-ozenz5bFe1UUqOn7f60HRmgc01BgTGIKZ4Xl+HbocGQ=",
        "owner": "nix-systems",
        "repo": "default-darwin",
        "rev": "2235d7e6cc29ae99878133c95e9fe5e157661ffb",
        "type": "github"
      },
      "original": {
        "owner": "nix-systems",
        "repo": "default-darwin",
        "type": "github"
      }
    },
    "systems_4": {
      "locked": {
        "lastModified": 1681028828,
        "narHash": "sha256-Vy1rq5AaRuLzOxct8nz4T6wlgyUR7zLU309k9mBC768=",
        "owner": "nix-systems",
        "repo": "default",
        "rev": "da67096a3b9bf56a91d16901293e51ba5b49a27e",
        "type": "github"
      },
      "original": {
        "owner": "nix-systems",
        "repo": "default",
        "type": "github"
      }
    },
    "tinted-kitty": {
      "flake": false,
      "locked": {
        "lastModified": 1735730497,
        "narHash": "sha256-4KtB+FiUzIeK/4aHCKce3V9HwRvYaxX+F1edUrfgzb8=",
        "owner": "tinted-theming",
        "repo": "tinted-kitty",
        "rev": "de6f888497f2c6b2279361bfc790f164bfd0f3fa",
        "type": "github"
      },
      "original": {
        "owner": "tinted-theming",
        "repo": "tinted-kitty",
        "type": "github"
      }
    },
    "tinted-schemes": {
      "flake": false,
      "locked": {
        "lastModified": 1777041405,
        "narHash": "sha256-BAGZ7ObFV/9Z61OJZun7ifPyhkuHqNuW1QIhQ8LuzCo=",
        "owner": "tinted-theming",
        "repo": "schemes",
        "rev": "5f868b3a338b6904c47f3833b9c411be641983a8",
        "type": "github"
      },
      "original": {
        "owner": "tinted-theming",
        "repo": "schemes",
        "type": "github"
      }
    },
    "tinted-tmux": {
      "flake": false,
      "locked": {
        "lastModified": 1777169200,
        "narHash": "sha256-h7dDbIzP5hDr9v97w9PL6jdAgXawmj6krcH+959rqpU=",
        "owner": "tinted-theming",
        "repo": "tinted-tmux",
        "rev": "f798c2dce44ef815bb6b8f05a82135c7942d35ac",
        "type": "github"
      },
      "original": {
        "owner": "tinted-theming",
        "repo": "tinted-tmux",
        "type": "github"
      }
    },
    "tinted-zed": {
      "flake": false,
      "locked": {
        "lastModified": 1777463218,
        "narHash": "sha256-Bhkozqtq3BKLqWTlmKm8uAptfX4aRGI8QX3eEL54Vpc=",
        "owner": "tinted-theming",
        "repo": "base16-zed",
        "rev": "5768d08ed2e7944a26a958868cdb073cb8856dae",
        "type": "github"
      },
      "original": {
        "owner": "tinted-theming",
        "repo": "base16-zed",
        "type": "github"
      }
    },
    "treefmt-nix": {
      "inputs": {
        "nixpkgs": "nixpkgs_3"
      },
      "locked": {
        "lastModified": 1766000401,
        "narHash": "sha256-+cqN4PJz9y0JQXfAK5J1drd0U05D5fcAGhzhfVrDlsI=",
        "owner": "numtide",
        "repo": "treefmt-nix",
        "rev": "42d96e75aa56a3f70cab7e7dc4a32868db28e8fd",
        "type": "github"
      },
      "original": {
        "owner": "numtide",
        "repo": "treefmt-nix",
        "type": "github"
      }
    },
    "treefmt-nix_2": {
      "inputs": {
        "nixpkgs": "nixpkgs_5"
      },
      "locked": {
        "lastModified": 1766000401,
        "narHash": "sha256-+cqN4PJz9y0JQXfAK5J1drd0U05D5fcAGhzhfVrDlsI=",
        "owner": "numtide",
        "repo": "treefmt-nix",
        "rev": "42d96e75aa56a3f70cab7e7dc4a32868db28e8fd",
        "type": "github"
      },
      "original": {
        "owner": "numtide",
        "repo": "treefmt-nix",
        "type": "github"
      }
    },
    "xdph": {
      "inputs": {
        "hyprland-protocols": [
          "hyprland",
          "hyprland-protocols"
        ],
        "hyprlang": [
          "hyprland",
          "hyprlang"
        ],
        "hyprutils": [
          "hyprland",
          "hyprutils"
        ],
        "hyprwayland-scanner": [
          "hyprland",
          "hyprwayland-scanner"
        ],
        "nixpkgs": [
          "hyprland",
          "nixpkgs"
        ],
        "systems": [
          "hyprland",
          "systems"
        ]
      },
      "locked": {
        "lastModified": 1778265244,
        "narHash": "sha256-8jlPtGSsv/CQY6tVVyLF4Jjd0gnS+Zbn9yk/V13A9nM=",
        "owner": "hyprwm",
        "repo": "xdg-desktop-portal-hyprland",
        "rev": "813ea5ca9a1702a9a2d1f5836bc00172ef698968",
        "type": "github"
      },
      "original": {
        "owner": "hyprwm",
        "repo": "xdg-desktop-portal-hyprland",
        "type": "github"
      }
    }
  },
  "root": "root",
  "version": 7
}
